// !$*UTF8*$!
{
	archiveVersion = 1;
	classes = {
	};
	objectVersion = 51;
	objects = {

/* Begin PBXBuildFile section */
		4800D82F26C5863300DD8F95 /* categoriaCelula.swift in Sources */ = {isa = PBXBuildFile; fileRef = 4800D82E26C5863300DD8F95 /* categoriaCelula.swift */; };
		4800D83526C5AC9600DD8F95 /* GoogleService-Info.plist in Resources */ = {isa = PBXBuildFile; fileRef = 4800D83426C5AC9600DD8F95 /* GoogleService-Info.plist */; };
		4815A00126DAD26C00ED9CD4 /* menuTableViewController.swift in Sources */ = {isa = PBXBuildFile; fileRef = 4815A00026DAD26C00ED9CD4 /* menuTableViewController.swift */; };
		4815A00326DAD74300ED9CD4 /* DetalhesCategoriaTableViewController.swift in Sources */ = {isa = PBXBuildFile; fileRef = 4815A00226DAD74300ED9CD4 /* DetalhesCategoriaTableViewController.swift */; };
		484F5A1A26A62A7900DBA346 /* AppDelegate.swift in Sources */ = {isa = PBXBuildFile; fileRef = 484F5A1926A62A7900DBA346 /* AppDelegate.swift */; };
		484F5A1C26A62A7900DBA346 /* SceneDelegate.swift in Sources */ = {isa = PBXBuildFile; fileRef = 484F5A1B26A62A7900DBA346 /* SceneDelegate.swift */; };
		484F5A2126A62A7900DBA346 /* Main.storyboard in Resources */ = {isa = PBXBuildFile; fileRef = 484F5A1F26A62A7900DBA346 /* Main.storyboard */; };
		484F5A2426A62A7A00DBA346 /* Cardapio.xcdatamodeld in Sources */ = {isa = PBXBuildFile; fileRef = 484F5A2226A62A7900DBA346 /* Cardapio.xcdatamodeld */; };
		484F5A2626A62A8200DBA346 /* Assets.xcassets in Resources */ = {isa = PBXBuildFile; fileRef = 484F5A2526A62A8200DBA346 /* Assets.xcassets */; };
		484F5A2926A62A8200DBA346 /* LaunchScreen.storyboard in Resources */ = {isa = PBXBuildFile; fileRef = 484F5A2726A62A8200DBA346 /* LaunchScreen.storyboard */; };
		487770FE26C6B2BA009866C4 /* LoginViewController.swift in Sources */ = {isa = PBXBuildFile; fileRef = 487770FD26C6B2BA009866C4 /* LoginViewController.swift */; };
		4877710126C6BCC0009866C4 /* HomeViewController.swift in Sources */ = {isa = PBXBuildFile; fileRef = 4877710026C6BCC0009866C4 /* HomeViewController.swift */; };
		4877710526C6C5F2009866C4 /* PostagemViewController.swift in Sources */ = {isa = PBXBuildFile; fileRef = 4877710426C6C5F2009866C4 /* PostagemViewController.swift */; };
		E032CD48E3963E49871BF682 /* Pods_Cardapio.framework in Frameworks */ = {isa = PBXBuildFile; fileRef = B3170145E8FF3C869DF56E0A /* Pods_Cardapio.framework */; };
/* End PBXBuildFile section */

/* Begin PBXFileReference section */
		4800D82E26C5863300DD8F95 /* categoriaCelula.swift */ = {isa = PBXFileReference; lastKnownFileType = sourcecode.swift; path = categoriaCelula.swift; sourceTree = "<group>"; };
		4800D83426C5AC9600DD8F95 /* GoogleService-Info.plist */ = {isa = PBXFileReference; fileEncoding = 4; lastKnownFileType = text.plist.xml; path = "GoogleService-Info.plist"; sourceTree = "<group>"; };
		4815A00026DAD26C00ED9CD4 /* menuTableViewController.swift */ = {isa = PBXFileReference; lastKnownFileType = sourcecode.swift; path = menuTableViewController.swift; sourceTree = "<group>"; };
		4815A00226DAD74300ED9CD4 /* DetalhesCategoriaTableViewController.swift */ = {isa = PBXFileReference; lastKnownFileType = sourcecode.swift; path = DetalhesCategoriaTableViewController.swift; sourceTree = "<group>"; };
		484F5A1626A62A7900DBA346 /* Cardapio.app */ = {isa = PBXFileReference; explicitFileType = wrapper.application; includeInIndex = 0; path = Cardapio.app; sourceTree = BUILT_PRODUCTS_DIR; };
		484F5A1926A62A7900DBA346 /* AppDelegate.swift */ = {isa = PBXFileReference; lastKnownFileType = sourcecode.swift; path = AppDelegate.swift; sourceTree = "<group>"; };
		484F5A1B26A62A7900DBA346 /* SceneDelegate.swift */ = {isa = PBXFileReference; lastKnownFileType = sourcecode.swift; path = SceneDelegate.swift; sourceTree = "<group>"; };
		484F5A2026A62A7900DBA346 /* Base */ = {isa = PBXFileReference; lastKnownFileType = file.storyboard; name = Base; path = Base.lproj/Main.storyboard; sourceTree = "<group>"; };
		484F5A2326A62A7900DBA346 /* Cardapio.xcdatamodel */ = {isa = PBXFileReference; lastKnownFileType = wrapper.xcdatamodel; path = Cardapio.xcdatamodel; sourceTree = "<group>"; };
		484F5A2526A62A8200DBA346 /* Assets.xcassets */ = {isa = PBXFileReference; lastKnownFileType = folder.assetcatalog; path = Assets.xcassets; sourceTree = "<group>"; };
		484F5A2826A62A8200DBA346 /* Base */ = {isa = PBXFileReference; lastKnownFileType = file.storyboard; name = Base; path = Base.lproj/LaunchScreen.storyboard; sourceTree = "<group>"; };
		484F5A2A26A62A8200DBA346 /* Info.plist */ = {isa = PBXFileReference; lastKnownFileType = text.plist.xml; path = Info.plist; sourceTree = "<group>"; };
		487770FD26C6B2BA009866C4 /* LoginViewController.swift */ = {isa = PBXFileReference; lastKnownFileType = sourcecode.swift; path = LoginViewController.swift; sourceTree = "<group>"; };
		4877710026C6BCC0009866C4 /* HomeViewController.swift */ = {isa = PBXFileReference; lastKnownFileType = sourcecode.swift; path = HomeViewController.swift; sourceTree = "<group>"; };
		4877710426C6C5F2009866C4 /* PostagemViewController.swift */ = {isa = PBXFileReference; lastKnownFileType = sourcecode.swift; path = PostagemViewController.swift; sourceTree = "<group>"; };
		7706F163254044B272ABB10A /* Pods-Cardapio.debug.xcconfig */ = {isa = PBXFileReference; includeInIndex = 1; lastKnownFileType = text.xcconfig; name = "Pods-Cardapio.debug.xcconfig"; path = "Target Support Files/Pods-Cardapio/Pods-Cardapio.debug.xcconfig"; sourceTree = "<group>"; };
		B3170145E8FF3C869DF56E0A /* Pods_Cardapio.framework */ = {isa = PBXFileReference; explicitFileType = wrapper.framework; includeInIndex = 0; path = Pods_Cardapio.framework; sourceTree = BUILT_PRODUCTS_DIR; };
		CFB89476148C7E37B179ED18 /* Pods-Cardapio.release.xcconfig */ = {isa = PBXFileReference; includeInIndex = 1; lastKnownFileType = text.xcconfig; name = "Pods-Cardapio.release.xcconfig"; path = "Target Support Files/Pods-Cardapio/Pods-Cardapio.release.xcconfig"; sourceTree = "<group>"; };
/* End PBXFileReference section */

/* Begin PBXFrameworksBuildPhase section */
		484F5A1326A62A7900DBA346 /* Frameworks */ = {
			isa = PBXFrameworksBuildPhase;
			buildActionMask = 2147483647;
			files = (
				E032CD48E3963E49871BF682 /* Pods_Cardapio.framework in Frameworks */,
			);
			runOnlyForDeploymentPostprocessing = 0;
		};
/* End PBXFrameworksBuildPhase section */

/* Begin PBXGroup section */
		484F5A0D26A62A7900DBA346 = {
			isa = PBXGroup;
			children = (
				484F5A1826A62A7900DBA346 /* Cardapio */,
				484F5A1726A62A7900DBA346 /* Products */,
				A3AE2830F618D02B450516CA /* Pods */,
				5C9FFB3FF5EC2FDA2065B443 /* Frameworks */,
			);
			sourceTree = "<group>";
		};
		484F5A1726A62A7900DBA346 /* Products */ = {
			isa = PBXGroup;
			children = (
				484F5A1626A62A7900DBA346 /* Cardapio.app */,
			);
			name = Products;
			sourceTree = "<group>";
		};
		484F5A1826A62A7900DBA346 /* Cardapio */ = {
			isa = PBXGroup;
			children = (
				487770FC26C6B298009866C4 /* ViewController */,
				484F5A1926A62A7900DBA346 /* AppDelegate.swift */,
				484F5A1B26A62A7900DBA346 /* SceneDelegate.swift */,
				484F5A2A26A62A8200DBA346 /* Info.plist */,
				484F5A2226A62A7900DBA346 /* Cardapio.xcdatamodeld */,
				484F5A2726A62A8200DBA346 /* LaunchScreen.storyboard */,
				484F5A2526A62A8200DBA346 /* Assets.xcassets */,
				484F5A1F26A62A7900DBA346 /* Main.storyboard */,
				4800D83426C5AC9600DD8F95 /* GoogleService-Info.plist */,
				4800D82E26C5863300DD8F95 /* categoriaCelula.swift */,
			);
			path = Cardapio;
			sourceTree = "<group>";
		};
		487770FC26C6B298009866C4 /* ViewController */ = {
			isa = PBXGroup;
			children = (
				487770FF26C6BC8E009866C4 /* Abas */,
				487770FD26C6B2BA009866C4 /* LoginViewController.swift */,
				4815A00026DAD26C00ED9CD4 /* menuTableViewController.swift */,
				4815A00226DAD74300ED9CD4 /* DetalhesCategoriaTableViewController.swift */,
			);
			path = ViewController;
			sourceTree = "<group>";
		};
		487770FF26C6BC8E009866C4 /* Abas */ = {
			isa = PBXGroup;
			children = (
				4877710026C6BCC0009866C4 /* HomeViewController.swift */,
				4877710426C6C5F2009866C4 /* PostagemViewController.swift */,
			);
			path = Abas;
			sourceTree = "<group>";
		};
		5C9FFB3FF5EC2FDA2065B443 /* Frameworks */ = {
			isa = PBXGroup;
			children = (
				B3170145E8FF3C869DF56E0A /* Pods_Cardapio.framework */,
			);
			name = Frameworks;
			sourceTree = "<group>";
		};
		A3AE2830F618D02B450516CA /* Pods */ = {
			isa = PBXGroup;
			children = (
				7706F163254044B272ABB10A /* Pods-Cardapio.debug.xcconfig */,
				CFB89476148C7E37B179ED18 /* Pods-Cardapio.release.xcconfig */,
			);
			path = Pods;
			sourceTree = "<group>";
		};
/* End PBXGroup section */

/* Begin PBXNativeTarget section */
		484F5A1526A62A7900DBA346 /* Cardapio */ = {
			isa = PBXNativeTarget;
			buildConfigurationList = 484F5A2D26A62A8200DBA346 /* Build configuration list for PBXNativeTarget "Cardapio" */;
			buildPhases = (
				D30312400BF030DDFF5D1CC1 /* [CP] Check Pods Manifest.lock */,
				484F5A1226A62A7900DBA346 /* Sources */,
				484F5A1326A62A7900DBA346 /* Frameworks */,
				484F5A1426A62A7900DBA346 /* Resources */,
				1B3FA0115606DEAFCBE959A5 /* [CP] Embed Pods Frameworks */,
			);
			buildRules = (
			);
			dependencies = (
			);
			name = Cardapio;
			productName = Cardapio;
			productReference = 484F5A1626A62A7900DBA346 /* Cardapio.app */;
			productType = "com.apple.product-type.application";
		};
/* End PBXNativeTarget section */

/* Begin PBXProject section */
		484F5A0E26A62A7900DBA346 /* Project object */ = {
			isa = PBXProject;
			attributes = {
				LastSwiftUpdateCheck = 1250;
				LastUpgradeCheck = 1250;
				TargetAttributes = {
					484F5A1526A62A7900DBA346 = {
						CreatedOnToolsVersion = 12.5.1;
					};
				};
			};
			buildConfigurationList = 484F5A1126A62A7900DBA346 /* Build configuration list for PBXProject "Cardapio" */;
			compatibilityVersion = "Xcode 9.3";
			developmentRegion = en;
			hasScannedForEncodings = 0;
			knownRegions = (
				en,
				Base,
			);
			mainGroup = 484F5A0D26A62A7900DBA346;
			productRefGroup = 484F5A1726A62A7900DBA346 /* Products */;
			projectDirPath = "";
			projectRoot = "";
			targets = (
				484F5A1526A62A7900DBA346 /* Cardapio */,
			);
		};
/* End PBXProject section */

/* Begin PBXResourcesBuildPhase section */
		484F5A1426A62A7900DBA346 /* Resources */ = {
			isa = PBXResourcesBuildPhase;
			buildActionMask = 2147483647;
			files = (
				484F5A2926A62A8200DBA346 /* LaunchScreen.storyboard in Resources */,
				4800D83526C5AC9600DD8F95 /* GoogleService-Info.plist in Resources */,
				484F5A2626A62A8200DBA346 /* Assets.xcassets in Resources */,
				484F5A2126A62A7900DBA346 /* Main.storyboard in Resources */,
			);
			runOnlyForDeploymentPostprocessing = 0;
		};
/* End PBXResourcesBuildPhase section */

/* Begin PBXShellScriptBuildPhase section */
		1B3FA0115606DEAFCBE959A5 /* [CP] Embed Pods Frameworks */ = {
			isa = PBXShellScriptBuildPhase;
			buildActionMask = 2147483647;
			files = (
			);
			inputFileListPaths = (
				"${PODS_ROOT}/Target Support Files/Pods-Cardapio/Pods-Cardapio-frameworks-${CONFIGURATION}-input-files.xcfilelist",
			);
			name = "[CP] Embed Pods Frameworks";
			outputFileListPaths = (
				"${PODS_ROOT}/Target Support Files/Pods-Cardapio/Pods-Cardapio-frameworks-${CONFIGURATION}-output-files.xcfilelist",
			);
			runOnlyForDeploymentPostprocessing = 0;
			shellPath = /bin/sh;
			shellScript = "\"${PODS_ROOT}/Target Support Files/Pods-Cardapio/Pods-Cardapio-frameworks.sh\"\n";
			showEnvVarsInLog = 0;
		};
		D30312400BF030DDFF5D1CC1 /* [CP] Check Pods Manifest.lock */ = {
			isa = PBXShellScriptBuildPhase;
			buildActionMask = 2147483647;
			files = (
			);
			inputFileListPaths = (
			);
			inputPaths = (
				"${PODS_PODFILE_DIR_PATH}/Podfile.lock",
				"${PODS_ROOT}/Manifest.lock",
			);
			name = "[CP] Check Pods Manifest.lock";
			outputFileListPaths = (
			);
			outputPaths = (
				"$(DERIVED_FILE_DIR)/Pods-Cardapio-checkManifestLockResult.txt",
			);
			runOnlyForDeploymentPostprocessing = 0;
			shellPath = /bin/sh;
			shellScript = "diff \"${PODS_PODFILE_DIR_PATH}/Podfile.lock\" \"${PODS_ROOT}/Manifest.lock\" > /dev/null\nif [ $? != 0 ] ; then\n    # print error to STDERR\n    echo \"error: The sandbox is not in sync with the Podfile.lock. Run 'pod install' or update your CocoaPods installation.\" >&2\n    exit 1\nfi\n# This output is used by Xcode 'outputs' to avoid re-running this script phase.\necho \"SUCCESS\" > \"${SCRIPT_OUTPUT_FILE_0}\"\n";
			showEnvVarsInLog = 0;
		};
/* End PBXShellScriptBuildPhase section */

/* Begin PBXSourcesBuildPhase section */
		484F5A1226A62A7900DBA346 /* Sources */ = {
			isa = PBXSourcesBuildPhase;
			buildActionMask = 2147483647;
			files = (
				487770FE26C6B2BA009866C4 /* LoginViewController.swift in Sources */,
				484F5A2426A62A7A00DBA346 /* Cardapio.xcdatamodeld in Sources */,
				4800D82F26C5863300DD8F95 /* categoriaCelula.swift in Sources */,
				4815A00326DAD74300ED9CD4 /* DetalhesCategoriaTableViewController.swift in Sources */,
				484F5A1A26A62A7900DBA346 /* AppDelegate.swift in Sources */,
				4815A00126DAD26C00ED9CD4 /* menuTableViewController.swift in Sources */,
				4877710126C6BCC0009866C4 /* HomeViewController.swift in Sources */,
				484F5A1C26A62A7900DBA346 /* SceneDelegate.swift in Sources */,
				4877710526C6C5F2009866C4 /* PostagemViewController.swift in Sources */,
			);
			runOnlyForDeploymentPostprocessing = 0;
		};
/* End PBXSourcesBuildPhase section */

/* Begin PBXVariantGroup section */
		484F5A1F26A62A7900DBA346 /* Main.storyboard */ = {
			isa = PBXVariantGroup;
			children = (
				484F5A2026A62A7900DBA346 /* Base */,
			);
			name = Main.storyboard;
			sourceTree = "<group>";
		};
		484F5A2726A62A8200DBA346 /* LaunchScreen.storyboard */ = {
			isa = PBXVariantGroup;
			children = (
				484F5A2826A62A8200DBA346 /* Base */,
			);
			name = LaunchScreen.storyboard;
			sourceTree = "<group>";
		};
/* End PBXVariantGroup section */

/* Begin XCBuildConfiguration section */
		484F5A2B26A62A8200DBA346 /* Debug */ = {
			isa = XCBuildConfiguration;
			buildSettings = {
				ALWAYS_SEARCH_USER_PATHS = NO;
				CLANG_ANALYZER_NONNULL = YES;
				CLANG_ANALYZER_NUMBER_OBJECT_CONVERSION = YES_AGGRESSIVE;
				CLANG_CXX_LANGUAGE_STANDARD = "gnu++14";
				CLANG_CXX_LIBRARY = "libc++";
				CLANG_ENABLE_MODULES = YES;
				CLANG_ENABLE_OBJC_ARC = YES;
				CLANG_ENABLE_OBJC_WEAK = YES;
				CLANG_WARN_BLOCK_CAPTURE_AUTORELEASING = YES;
				CLANG_WARN_BOOL_CONVERSION = YES;
				CLANG_WARN_COMMA = YES;
				CLANG_WARN_CONSTANT_CONVERSION = YES;
				CLANG_WARN_DEPRECATED_OBJC_IMPLEMENTATIONS = YES;
				CLANG_WARN_DIRECT_OBJC_ISA_USAGE = YES_ERROR;
				CLANG_WARN_DOCUMENTATION_COMMENTS = YES;
				CLANG_WARN_EMPTY_BODY = YES;
				CLANG_WARN_ENUM_CONVERSION = YES;
				CLANG_WARN_INFINITE_RECURSION = YES;
				CLANG_WARN_INT_CONVERSION = YES;
				CLANG_WARN_NON_LITERAL_NULL_CONVERSION = YES;
				CLANG_WARN_OBJC_IMPLICIT_RETAIN_SELF = YES;
				CLANG_WARN_OBJC_LITERAL_CONVERSION = YES;
				CLANG_WARN_OBJC_ROOT_CLASS = YES_ERROR;
				CLANG_WARN_QUOTED_INCLUDE_IN_FRAMEWORK_HEADER = YES;
				CLANG_WARN_RANGE_LOOP_ANALYSIS = YES;
				CLANG_WARN_STRICT_PROTOTYPES = YES;
				CLANG_WARN_SUSPICIOUS_MOVE = YES;
				CLANG_WARN_UNGUARDED_AVAILABILITY = YES_AGGRESSIVE;
				CLANG_WARN_UNREACHABLE_CODE = YES;
				CLANG_WARN__DUPLICATE_METHOD_MATCH = YES;
				COPY_PHASE_STRIP = NO;
				DEBUG_INFORMATION_FORMAT = dwarf;
				ENABLE_STRICT_OBJC_MSGSEND = YES;
				ENABLE_TESTABILITY = YES;
				GCC_C_LANGUAGE_STANDARD = gnu11;
				GCC_DYNAMIC_NO_PIC = NO;
				GCC_NO_COMMON_BLOCKS = YES;
				GCC_OPTIMIZATION_LEVEL = 0;
				GCC_PREPROCESSOR_DEFINITIONS = (
					"DEBUG=1",
					"$(inherited)",
				);
				GCC_WARN_64_TO_32_BIT_CONVERSION = YES;
				GCC_WARN_ABOUT_RETURN_TYPE = YES_ERROR;
				GCC_WARN_UNDECLARED_SELECTOR = YES;
				GCC_WARN_UNINITIALIZED_AUTOS = YES_AGGRESSIVE;
				GCC_WARN_UNUSED_FUNCTION = YES;
				GCC_WARN_UNUSED_VARIABLE = YES;
				IPHONEOS_DEPLOYMENT_TARGET = 14.5;
				MTL_ENABLE_DEBUG_INFO = INCLUDE_SOURCE;
				MTL_FAST_MATH = YES;
				ONLY_ACTIVE_ARCH = YES;
				SDKROOT = iphoneos;
				SWIFT_ACTIVE_COMPILATION_CONDITIONS = DEBUG;
				SWIFT_OPTIMIZATION_LEVEL = "-Onone";
			};
			name = Debug;
		};
		484F5A2C26A62A8200DBA346 /* Release */ = {
			isa = XCBuildConfiguration;
			buildSettings = {
				ALWAYS_SEARCH_USER_PATHS = NO;
				CLANG_ANALYZER_NONNULL = YES;
				CLANG_ANALYZER_NUMBER_OBJECT_CONVERSION = YES_AGGRESSIVE;
				CLANG_CXX_LANGUAGE_STANDARD = "gnu++14";
				CLANG_CXX_LIBRARY = "libc++";
				CLANG_ENABLE_MODULES = YES;
				CLANG_ENABLE_OBJC_ARC = YES;
				CLANG_ENABLE_OBJC_WEAK = YES;
				CLANG_WARN_BLOCK_CAPTURE_AUTORELEASING = YES;
				CLANG_WARN_BOOL_CONVERSION = YES;
				CLANG_WARN_COMMA = YES;
				CLANG_WARN_CONSTANT_CONVERSION = YES;
				CLANG_WARN_DEPRECATED_OBJC_IMPLEMENTATIONS = YES;
				CLANG_WARN_DIRECT_OBJC_ISA_USAGE = YES_ERROR;
				CLANG_WARN_DOCUMENTATION_COMMENTS = YES;
				CLANG_WARN_EMPTY_BODY = YES;
				CLANG_WARN_ENUM_CONVERSION = YES;
				CLANG_WARN_INFINITE_RECURSION = YES;
				CLANG_WARN_INT_CONVERSION = YES;
				CLANG_WARN_NON_LITERAL_NULL_CONVERSION = YES;
				CLANG_WARN_OBJC_IMPLICIT_RETAIN_SELF = YES;
				CLANG_WARN_OBJC_LITERAL_CONVERSION = YES;
				CLANG_WARN_OBJC_ROOT_CLASS = YES_ERROR;
				CLANG_WARN_QUOTED_INCLUDE_IN_FRAMEWORK_HEADER = YES;
				CLANG_WARN_RANGE_LOOP_ANALYSIS = YES;
				CLANG_WARN_STRICT_PROTOTYPES = YES;
				CLANG_WARN_SUSPICIOUS_MOVE = YES;
				CLANG_WARN_UNGUARDED_AVAILABILITY = YES_AGGRESSIVE;
				CLANG_WARN_UNREACHABLE_CODE = YES;
				CLANG_WARN__DUPLICATE_METHOD_MATCH = YES;
				COPY_PHASE_STRIP = NO;
				DEBUG_INFORMATION_FORMAT = "dwarf-with-dsym";
				ENABLE_NS_ASSERTIONS = NO;
				ENABLE_STRICT_OBJC_MSGSEND = YES;
				GCC_C_LANGUAGE_STANDARD = gnu11;
				GCC_NO_COMMON_BLOCKS = YES;
				GCC_WARN_64_TO_32_BIT_CONVERSION = YES;
				GCC_WARN_ABOUT_RETURN_TYPE = YES_ERROR;
				GCC_WARN_UNDECLARED_SELECTOR = YES;
				GCC_WARN_UNINITIALIZED_AUTOS = YES_AGGRESSIVE;
				GCC_WARN_UNUSED_FUNCTION = YES;
				GCC_WARN_UNUSED_VARIABLE = YES;
				IPHONEOS_DEPLOYMENT_TARGET = 14.5;
				MTL_ENABLE_DEBUG_INFO = NO;
				MTL_FAST_MATH = YES;
				SDKROOT = iphoneos;
				SWIFT_COMPILATION_MODE = wholemodule;
				SWIFT_OPTIMIZATION_LEVEL = "-O";
				VALIDATE_PRODUCT = YES;
			};
			name = Release;
		};
		484F5A2E26A62A8200DBA346 /* Debug */ = {
			isa = XCBuildConfiguration;
			baseConfigurationReference = 7706F163254044B272ABB10A /* Pods-Cardapio.debug.xcconfig */;
			buildSettings = {
				ASSETCATALOG_COMPILER_APPICON_NAME = AppIcon;
				ASSETCATALOG_COMPILER_GLOBAL_ACCENT_COLOR_NAME = AccentColor;
				CODE_SIGN_STYLE = Automatic;
				DEVELOPMENT_TEAM = NYL98JPAJF;
				INFOPLIST_FILE = Cardapio/Info.plist;
				LD_RUNPATH_SEARCH_PATHS = (
					"$(inherited)",
					"@executable_path/Frameworks",
				);
				PRODUCT_BUNDLE_IDENTIFIER = ModelagemSistemas.Cardapio;
				PRODUCT_NAME = "$(TARGET_NAME)";
				SWIFT_VERSION = 5.0;
				TARGETED_DEVICE_FAMILY = "1,2";
			};
			name = Debug;
		};
		484F5A2F26A62A8200DBA346 /* Release */ = {
			isa = XCBuildConfiguration;
			baseConfigurationReference = CFB89476148C7E37B179ED18 /* Pods-Cardapio.release.xcconfig */;
			buildSettings = {
				ASSETCATALOG_COMPILER_APPICON_NAME = AppIcon;
				ASSETCATALOG_COMPILER_GLOBAL_ACCENT_COLOR_NAME = AccentColor;
				CODE_SIGN_STYLE = Automatic;
				DEVELOPMENT_TEAM = NYL98JPAJF;
				INFOPLIST_FILE = Cardapio/Info.plist;
				LD_RUNPATH_SEARCH_PATHS = (
					"$(inherited)",
					"@executable_path/Frameworks",
				);
				PRODUCT_BUNDLE_IDENTIFIER = ModelagemSistemas.Cardapio;
				PRODUCT_NAME = "$(TARGET_NAME)";
				SWIFT_VERSION = 5.0;
				TARGETED_DEVICE_FAMILY = "1,2";
			};
			name = Release;
		};
/* End XCBuildConfiguration section */

/* Begin XCConfigurationList section */
		484F5A1126A62A7900DBA346 /* Build configuration list for PBXProject "Cardapio" */ = {
			isa = XCConfigurationList;
			buildConfigurations = (
				484F5A2B26A62A8200DBA346 /* Debug */,
				484F5A2C26A62A8200DBA346 /* Release */,
			);
			defaultConfigurationIsVisible = 0;
			defaultConfigurationName = Release;
		};
		484F5A2D26A62A8200DBA346 /* Build configuration list for PBXNativeTarget "Cardapio" */ = {
			isa = XCConfigurationList;
			buildConfigurations = (
				484F5A2E26A62A8200DBA346 /* Debug */,
				484F5A2F26A62A8200DBA346 /* Release */,
			);
			defaultConfigurationIsVisible = 0;
			defaultConfigurationName = Release;
		};
/* End XCConfigurationList section */

/* Begin XCVersionGroup section */
		484F5A2226A62A7900DBA346 /* Cardapio.xcdatamodeld */ = {
			isa = XCVersionGroup;
			children = (
				484F5A2326A62A7900DBA346 /* Cardapio.xcdatamodel */,
			);
			currentVersion = 484F5A2326A62A7900DBA346 /* Cardapio.xcdatamodel */;
			path = Cardapio.xcdatamodeld;
			sourceTree = "<group>";
			versionGroupType = wrapper.xcdatamodel;
		};
/* End XCVersionGroup section */
	};
	rootObject = 484F5A0E26A62A7900DBA346 /* Project object */;
}
